// !$*UTF8*$!
{
	archiveVersion = 1;
	classes = {
	};
	objectVersion = 50;
	objects = {

/* Begin PBXBuildFile section */
		72527D9922EDFA24002FA387 /* BackgroundImageView.swift in Sources */ = {isa = PBXBuildFile; fileRef = 72527D9822EDFA24002FA387 /* BackgroundImageView.swift */; };
		7285F09822E75A4E0019F232 /* SettingsSceneViewController.swift in Sources */ = {isa = PBXBuildFile; fileRef = 7285F09722E75A4E0019F232 /* SettingsSceneViewController.swift */; };
		7285F09B22E75A620019F232 /* HelpSceneViewController.swift in Sources */ = {isa = PBXBuildFile; fileRef = 7285F09A22E75A620019F232 /* HelpSceneViewController.swift */; };
		728D0C5D22F0860E00DB05E9 /* LaunchScreenViewController.swift in Sources */ = {isa = PBXBuildFile; fileRef = 728D0C5C22F0860E00DB05E9 /* LaunchScreenViewController.swift */; };
		72D60B1C22E72E7B00B630CD /* ShadowedImageView.swift in Sources */ = {isa = PBXBuildFile; fileRef = 72D60B1B22E72E7B00B630CD /* ShadowedImageView.swift */; };
		72FC9E4F22E6F4BE00A920DA /* AppDelegate.swift in Sources */ = {isa = PBXBuildFile; fileRef = 72FC9E4E22E6F4BE00A920DA /* AppDelegate.swift */; };
		72FC9E5122E6F4BE00A920DA /* MainSceneViewController.swift in Sources */ = {isa = PBXBuildFile; fileRef = 72FC9E5022E6F4BE00A920DA /* MainSceneViewController.swift */; };
		72FC9E5422E6F4BE00A920DA /* Main.storyboard in Resources */ = {isa = PBXBuildFile; fileRef = 72FC9E5222E6F4BE00A920DA /* Main.storyboard */; };
		72FC9E5622E6F4C700A920DA /* Assets.xcassets in Resources */ = {isa = PBXBuildFile; fileRef = 72FC9E5522E6F4C700A920DA /* Assets.xcassets */; };
		72FC9E5922E6F4C700A920DA /* LaunchScreen.storyboard in Resources */ = {isa = PBXBuildFile; fileRef = 72FC9E5722E6F4C700A920DA /* LaunchScreen.storyboard */; };
/* End PBXBuildFile section */

/* Begin PBXFileReference section */
		72527D9822EDFA24002FA387 /* BackgroundImageView.swift */ = {isa = PBXFileReference; lastKnownFileType = sourcecode.swift; path = BackgroundImageView.swift; sourceTree = "<group>"; };
		7285F09722E75A4E0019F232 /* SettingsSceneViewController.swift */ = {isa = PBXFileReference; lastKnownFileType = sourcecode.swift; path = SettingsSceneViewController.swift; sourceTree = "<group>"; };
		7285F09A22E75A620019F232 /* HelpSceneViewController.swift */ = {isa = PBXFileReference; lastKnownFileType = sourcecode.swift; path = HelpSceneViewController.swift; sourceTree = "<group>"; };
		728D0C5C22F0860E00DB05E9 /* LaunchScreenViewController.swift */ = {isa = PBXFileReference; lastKnownFileType = sourcecode.swift; path = LaunchScreenViewController.swift; sourceTree = "<group>"; };
		72D60B1B22E72E7B00B630CD /* ShadowedImageView.swift */ = {isa = PBXFileReference; lastKnownFileType = sourcecode.swift; path = ShadowedImageView.swift; sourceTree = "<group>"; };
		72FC9E4B22E6F4BE00A920DA /* DoddleDo.app */ = {isa = PBXFileReference; explicitFileType = wrapper.application; includeInIndex = 0; path = DoddleDo.app; sourceTree = BUILT_PRODUCTS_DIR; };
		72FC9E4E22E6F4BE00A920DA /* AppDelegate.swift */ = {isa = PBXFileReference; lastKnownFileType = sourcecode.swift; path = AppDelegate.swift; sourceTree = "<group>"; };
		72FC9E5022E6F4BE00A920DA /* MainSceneViewController.swift */ = {isa = PBXFileReference; lastKnownFileType = sourcecode.swift; path = MainSceneViewController.swift; sourceTree = "<group>"; };
		72FC9E5322E6F4BE00A920DA /* Base */ = {isa = PBXFileReference; lastKnownFileType = file.storyboard; name = Base; path = Base.lproj/Main.storyboard; sourceTree = "<group>"; };
		72FC9E5522E6F4C700A920DA /* Assets.xcassets */ = {isa = PBXFileReference; lastKnownFileType = folder.assetcatalog; path = Assets.xcassets; sourceTree = "<group>"; };
		72FC9E5822E6F4C700A920DA /* Base */ = {isa = PBXFileReference; lastKnownFileType = file.storyboard; name = Base; path = Base.lproj/LaunchScreen.storyboard; sourceTree = "<group>"; };
		72FC9E5A22E6F4C700A920DA /* Info.plist */ = {isa = PBXFileReference; lastKnownFileType = text.plist.xml; path = Info.plist; sourceTree = "<group>"; };
/* End PBXFileReference section */

/* Begin PBXFrameworksBuildPhase section */
		72FC9E4822E6F4BE00A920DA /* Frameworks */ = {
			isa = PBXFrameworksBuildPhase;
			buildActionMask = 2147483647;
			files = (
			);
			runOnlyForDeploymentPostprocessing = 0;
		};
/* End PBXFrameworksBuildPhase section */

/* Begin PBXGroup section */
		72FC9E4222E6F4BE00A920DA = {
			isa = PBXGroup;
			children = (
				72FC9E4D22E6F4BE00A920DA /* DoddleDo */,
				72FC9E4C22E6F4BE00A920DA /* Products */,
			);
			sourceTree = "<group>";
		};
		72FC9E4C22E6F4BE00A920DA /* Products */ = {
			isa = PBXGroup;
			children = (
				72FC9E4B22E6F4BE00A920DA /* DoddleDo.app */,
			);
			name = Products;
			sourceTree = "<group>";
		};
		72FC9E4D22E6F4BE00A920DA /* DoddleDo */ = {
			isa = PBXGroup;
			children = (
				72FC9E4E22E6F4BE00A920DA /* AppDelegate.swift */,
				72FC9E5522E6F4C700A920DA /* Assets.xcassets */,
				72FC9E5722E6F4C700A920DA /* LaunchScreen.storyboard */,
				72FC9E5A22E6F4C700A920DA /* Info.plist */,
				72FC9E5222E6F4BE00A920DA /* Main.storyboard */,
				72FC9E5022E6F4BE00A920DA /* MainSceneViewController.swift */,
				72D60B1B22E72E7B00B630CD /* ShadowedImageView.swift */,
				7285F09722E75A4E0019F232 /* SettingsSceneViewController.swift */,
				7285F09A22E75A620019F232 /* HelpSceneViewController.swift */,
				72527D9822EDFA24002FA387 /* BackgroundImageView.swift */,
				728D0C5C22F0860E00DB05E9 /* LaunchScreenViewController.swift */,
			);
			path = DoddleDo;
			sourceTree = "<group>";
		};
/* End PBXGroup section */

/* Begin PBXNativeTarget section */
		72FC9E4A22E6F4BE00A920DA /* DoddleDo */ = {
			isa = PBXNativeTarget;
			buildConfigurationList = 72FC9E5D22E6F4C700A920DA /* Build configuration list for PBXNativeTarget "DoddleDo" */;
			buildPhases = (
				72FC9E4722E6F4BE00A920DA /* Sources */,
				72FC9E4822E6F4BE00A920DA /* Frameworks */,
				72FC9E4922E6F4BE00A920DA /* Resources */,
			);
			buildRules = (
			);
			dependencies = (
			);
			name = DoddleDo;
			productName = DoddleDo;
			productReference = 72FC9E4B22E6F4BE00A920DA /* DoddleDo.app */;
			productType = "com.apple.product-type.application";
		};
/* End PBXNativeTarget section */

/* Begin PBXProject section */
		72FC9E4322E6F4BE00A920DA /* Project object */ = {
			isa = PBXProject;
			attributes = {
				LastSwiftUpdateCheck = 1020;
				LastUpgradeCheck = 1020;
				ORGANIZATIONNAME = Xuzh;
				TargetAttributes = {
					72FC9E4A22E6F4BE00A920DA = {
						CreatedOnToolsVersion = 10.2.1;
					};
				};
			};
			buildConfigurationList = 72FC9E4622E6F4BE00A920DA /* Build configuration list for PBXProject "DoddleDo" */;
			compatibilityVersion = "Xcode 9.3";
			developmentRegion = en;
			hasScannedForEncodings = 0;
			knownRegions = (
				en,
				Base,
			);
			mainGroup = 72FC9E4222E6F4BE00A920DA;
			productRefGroup = 72FC9E4C22E6F4BE00A920DA /* Products */;
			projectDirPath = "";
			projectRoot = "";
			targets = (
				72FC9E4A22E6F4BE00A920DA /* DoddleDo */,
			);
		};
/* End PBXProject section */

/* Begin PBXResourcesBuildPhase section */
		72FC9E4922E6F4BE00A920DA /* Resources */ = {
			isa = PBXResourcesBuildPhase;
			buildActionMask = 2147483647;
			files = (
				72FC9E5922E6F4C700A920DA /* LaunchScreen.storyboard in Resources */,
				72FC9E5622E6F4C700A920DA /* Assets.xcassets in Resources */,
				72FC9E5422E6F4BE00A920DA /* Main.storyboard in Resources */,
			);
			runOnlyForDeploymentPostprocessing = 0;
		};
/* End PBXResourcesBuildPhase section */

/* Begin PBXSourcesBuildPhase section */
		72FC9E4722E6F4BE00A920DA /* Sources */ = {
			isa = PBXSourcesBuildPhase;
			buildActionMask = 2147483647;
			files = (
				72527D9922EDFA24002FA387 /* BackgroundImageView.swift in Sources */,
				72FC9E5122E6F4BE00A920DA /* MainSceneViewController.swift in Sources */,
				7285F09B22E75A620019F232 /* HelpSceneViewController.swift in Sources */,
				72FC9E4F22E6F4BE00A920DA /* AppDelegate.swift in Sources */,
				7285F09822E75A4E0019F232 /* SettingsSceneViewController.swift in Sources */,
				728D0C5D22F0860E00DB05E9 /* LaunchScreenViewController.swift in Sources */,
				72D60B1C22E72E7B00B630CD /* ShadowedImageView.swift in Sources */,
			);
			runOnlyForDeploymentPostprocessing = 0;
		};
/* End PBXSourcesBuildPhase section */

/* Begin PBXVariantGroup section */
		72FC9E5222E6F4BE00A920DA /* Main.storyboard */ = {
			isa = PBXVariantGroup;
			children = (
				72FC9E5322E6F4BE00A920DA /* Base */,
			);
			name = Main.storyboard;
			sourceTree = "<group>";
		};
		72FC9E5722E6F4C700A920DA /* LaunchScreen.storyboard */ = {
			isa = PBXVariantGroup;
			children = (
				72FC9E5822E6F4C700A920DA /* Base */,
			);
			name = LaunchScreen.storyboard;
			sourceTree = "<group>";
		};
/* End PBXVariantGroup section */

/* Begin XCBuildConfiguration section */
		72FC9E5B22E6F4C700A920DA /* Debug */ = {
			isa = XCBuildConfiguration;
			buildSettings = {
				ALWAYS_SEARCH_USER_PATHS = NO;
				CLANG_ANALYZER_NONNULL = YES;
				CLANG_ANALYZER_NUMBER_OBJECT_CONVERSION = YES_AGGRESSIVE;
				CLANG_CXX_LANGUAGE_STANDARD = "gnu++14";
				CLANG_CXX_LIBRARY = "libc++";
				CLANG_ENABLE_MODULES = YES;
				CLANG_ENABLE_OBJC_ARC = YES;
				CLANG_ENABLE_OBJC_WEAK = YES;
				CLANG_WARN_BLOCK_CAPTURE_AUTORELEASING = YES;
				CLANG_WARN_BOOL_CONVERSION = YES;
				CLANG_WARN_COMMA = YES;
				CLANG_WARN_CONSTANT_CONVERSION = YES;
				CLANG_WARN_DEPRECATED_OBJC_IMPLEMENTATIONS = YES;
				CLANG_WARN_DIRECT_OBJC_ISA_USAGE = YES_ERROR;
				CLANG_WARN_DOCUMENTATION_COMMENTS = YES;
				CLANG_WARN_EMPTY_BODY = YES;
				CLANG_WARN_ENUM_CONVERSION = YES;
				CLANG_WARN_INFINITE_RECURSION = YES;
				CLANG_WARN_INT_CONVERSION = YES;
				CLANG_WARN_NON_LITERAL_NULL_CONVERSION = YES;
				CLANG_WARN_OBJC_IMPLICIT_RETAIN_SELF = YES;
				CLANG_WARN_OBJC_LITERAL_CONVERSION = YES;
				CLANG_WARN_OBJC_ROOT_CLASS = YES_ERROR;
				CLANG_WARN_RANGE_LOOP_ANALYSIS = YES;
				CLANG_WARN_STRICT_PROTOTYPES = YES;
				CLANG_WARN_SUSPICIOUS_MOVE = YES;
				CLANG_WARN_UNGUARDED_AVAILABILITY = YES_AGGRESSIVE;
				CLANG_WARN_UNREACHABLE_CODE = YES;
				CLANG_WARN__DUPLICATE_METHOD_MATCH = YES;
				CODE_SIGN_IDENTITY = "iPhone Developer";
				COPY_PHASE_STRIP = NO;
				DEBUG_INFORMATION_FORMAT = dwarf;
				ENABLE_STRICT_OBJC_MSGSEND = YES;
				ENABLE_TESTABILITY = YES;
				GCC_C_LANGUAGE_STANDARD = gnu11;
				GCC_DYNAMIC_NO_PIC = NO;
				GCC_NO_COMMON_BLOCKS = YES;
				GCC_OPTIMIZATION_LEVEL = 0;
				GCC_PREPROCESSOR_DEFINITIONS = (
					"DEBUG=1",
					"$(inherited)",
				);
				GCC_WARN_64_TO_32_BIT_CONVERSION = YES;
				GCC_WARN_ABOUT_RETURN_TYPE = YES_ERROR;
				GCC_WARN_UNDECLARED_SELECTOR = YES;
				GCC_WARN_UNINITIALIZED_AUTOS = YES_AGGRESSIVE;
				GCC_WARN_UNUSED_FUNCTION = YES;
				GCC_WARN_UNUSED_VARIABLE = YES;
				IPHONEOS_DEPLOYMENT_TARGET = 12.2;
				MTL_ENABLE_DEBUG_INFO = INCLUDE_SOURCE;
				MTL_FAST_MATH = YES;
				ONLY_ACTIVE_ARCH = YES;
				SDKROOT = iphoneos;
				SWIFT_ACTIVE_COMPILATION_CONDITIONS = DEBUG;
				SWIFT_OPTIMIZATION_LEVEL = "-Onone";
			};
			name = Debug;
		};
		72FC9E5C22E6F4C700A920DA /* Release */ = {
			isa = XCBuildConfiguration;
			buildSettings = {
				ALWAYS_SEARCH_USER_PATHS = NO;
				CLANG_ANALYZER_NONNULL = YES;
				CLANG_ANALYZER_NUMBER_OBJECT_CONVERSION = YES_AGGRESSIVE;
				CLANG_CXX_LANGUAGE_STANDARD = "gnu++14";
				CLANG_CXX_LIBRARY = "libc++";
				CLANG_ENABLE_MODULES = YES;
				CLANG_ENABLE_OBJC_ARC = YES;
				CLANG_ENABLE_OBJC_WEAK = YES;
				CLANG_WARN_BLOCK_CAPTURE_AUTORELEASING = YES;
				CLANG_WARN_BOOL_CONVERSION = YES;
				CLANG_WARN_COMMA = YES;
				CLANG_WARN_CONSTANT_CONVERSION = YES;
				CLANG_WARN_DEPRECATED_OBJC_IMPLEMENTATIONS = YES;
				CLANG_WARN_DIRECT_OBJC_ISA_USAGE = YES_ERROR;
				CLANG_WARN_DOCUMENTATION_COMMENTS = YES;
				CLANG_WARN_EMPTY_BODY = YES;
				CLANG_WARN_ENUM_CONVERSION = YES;
				CLANG_WARN_INFINITE_RECURSION = YES;
				CLANG_WARN_INT_CONVERSION = YES;
				CLANG_WARN_NON_LITERAL_NULL_CONVERSION = YES;
				CLANG_WARN_OBJC_IMPLICIT_RETAIN_SELF = YES;
				CLANG_WARN_OBJC_LITERAL_CONVERSION = YES;
				CLANG_WARN_OBJC_ROOT_CLASS = YES_ERROR;
				CLANG_WARN_RANGE_LOOP_ANALYSIS = YES;
				CLANG_WARN_STRICT_PROTOTYPES = YES;
				CLANG_WARN_SUSPICIOUS_MOVE = YES;
				CLANG_WARN_UNGUARDED_AVAILABILITY = YES_AGGRESSIVE;
				CLANG_WARN_UNREACHABLE_CODE = YES;
				CLANG_WARN__DUPLICATE_METHOD_MATCH = YES;
				CODE_SIGN_IDENTITY = "iPhone Developer";
				COPY_PHASE_STRIP = NO;
				DEBUG_INFORMATION_FORMAT = "dwarf-with-dsym";
				ENABLE_NS_ASSERTIONS = NO;
				ENABLE_STRICT_OBJC_MSGSEND = YES;
				GCC_C_LANGUAGE_STANDARD = gnu11;
				GCC_NO_COMMON_BLOCKS = YES;
				GCC_WARN_64_TO_32_BIT_CONVERSION = YES;
				GCC_WARN_ABOUT_RETURN_TYPE = YES_ERROR;
				GCC_WARN_UNDECLARED_SELECTOR = YES;
				GCC_WARN_UNINITIALIZED_AUTOS = YES_AGGRESSIVE;
				GCC_WARN_UNUSED_FUNCTION = YES;
				GCC_WARN_UNUSED_VARIABLE = YES;
				IPHONEOS_DEPLOYMENT_TARGET = 12.2;
				MTL_ENABLE_DEBUG_INFO = NO;
				MTL_FAST_MATH = YES;
				SDKROOT = iphoneos;
				SWIFT_COMPILATION_MODE = wholemodule;
				SWIFT_OPTIMIZATION_LEVEL = "-O";
				VALIDATE_PRODUCT = YES;
			};
			name = Release;
		};
		72FC9E5E22E6F4C700A920DA /* Debug */ = {
			isa = XCBuildConfiguration;
			buildSettings = {
				ASSETCATALOG_COMPILER_APPICON_NAME = AppIcon;
				CODE_SIGN_STYLE = Automatic;
				DEVELOPMENT_TEAM = 28Y62P3CPJ;
				INFOPLIST_FILE = DoddleDo/Info.plist;
				LD_RUNPATH_SEARCH_PATHS = (
					"$(inherited)",
					"@executable_path/Frameworks",
				);
				PRODUCT_BUNDLE_IDENTIFIER = OneDotDot.DoddleDo;
				PRODUCT_NAME = "$(TARGET_NAME)";
				SWIFT_VERSION = 5.0;
				TARGETED_DEVICE_FAMILY = "1,2";
			};
			name = Debug;
		};
		72FC9E5F22E6F4C700A920DA /* Release */ = {
			isa = XCBuildConfiguration;
			buildSettings = {
				ASSETCATALOG_COMPILER_APPICON_NAME = AppIcon;
				CODE_SIGN_STYLE = Automatic;
				DEVELOPMENT_TEAM = 28Y62P3CPJ;
				INFOPLIST_FILE = DoddleDo/Info.plist;
				LD_RUNPATH_SEARCH_PATHS = (
					"$(inherited)",
					"@executable_path/Frameworks",
				);
				PRODUCT_BUNDLE_IDENTIFIER = OneDotDot.DoddleDo;
				PRODUCT_NAME = "$(TARGET_NAME)";
				SWIFT_VERSION = 5.0;
				TARGETED_DEVICE_FAMILY = "1,2";
			};
			name = Release;
		};
/* End XCBuildConfiguration section */

/* Begin XCConfigurationList section */
		72FC9E4622E6F4BE00A920DA /* Build configuration list for PBXProject "DoddleDo" */ = {
			isa = XCConfigurationList;
			buildConfigurations = (
				72FC9E5B22E6F4C700A920DA /* Debug */,
				72FC9E5C22E6F4C700A920DA /* Release */,
			);
			defaultConfigurationIsVisible = 0;
			defaultConfigurationName = Release;
		};
		72FC9E5D22E6F4C700A920DA /* Build configuration list for PBXNativeTarget "DoddleDo" */ = {
			isa = XCConfigurationList;
			buildConfigurations = (
				72FC9E5E22E6F4C700A920DA /* Debug */,
				72FC9E5F22E6F4C700A920DA /* Release */,
			);
			defaultConfigurationIsVisible = 0;
			defaultConfigurationName = Release;
		};
/* End XCConfigurationList section */
	};
	rootObject = 72FC9E4322E6F4BE00A920DA /* Project object */;
}
